DEPENDENCIES
  ci
    path: .
    metadata: true
  minitest-handler

GRAPH
  ant (1.0.2)
    ark (>= 0.0.0)
    java (>= 0.0.0)
  apt (2.4.0)
  ark (0.8.2)
  build-essential (2.0.2)
  chef_handler (1.1.6)
  ci (0.1.0)
    ant (>= 0.0.0)
    freebsd (>= 0.0.0)
    git (>= 0.0.0)
    java (>= 0.0.0)
    jenkins (>= 0.0.0)
  dmg (2.2.0)
  freebsd (0.1.4)
  git (4.0.2)
    build-essential (>= 0.0.0)
    dmg (>= 0.0.0)
    runit (>= 1.0.0)
    windows (>= 0.0.0)
    yum (~> 3.0)
    yum-epel (>= 0.0.0)
  java (1.22.0)
  jenkins (2.0.2)
    apt (~> 2.0)
    runit (~> 1.5)
    yum (~> 3.0)
  minitest-handler (1.2.0)
    chef_handler (>= 0.0.0)
  runit (1.5.10)
    build-essential (>= 0.0.0)
    yum (~> 3.0)
    yum-epel (>= 0.0.0)
  windows (1.31.0)
    chef_handler (>= 0.0.0)
  yum (3.2.0)
  yum-epel (0.3.6)
    yum (~> 3.0)
